
Microsoft Visual Studio Solution File, Format Version 12.00
# Visual Studio Version 16
VisualStudioVersion = 16.0.31624.102
MinimumVisualStudioVersion = 10.0.40219.1
Project("{FAE04EC0-301F-11D3-BF4B-00C04F79EFBC}") = "ExercioMatrizFixacao", "ExercioMatrizFixacao\ExercioMatrizFixacao.csproj", "{1C48E852-5C9D-46D6-AF32-71DE09A21E94}"
EndProject
Global
	GlobalSection(SolutionConfigurationPlatforms) = preSolution
		Debug|Any CPU = Debug|Any CPU
		Release|Any CPU = Release|Any CPU
	EndGlobalSection
	GlobalSection(ProjectConfigurationPlatforms) = postSolution
		{1C48E852-5C9D-46D6-AF32-71DE09A21E94}.Debug|Any CPU.ActiveCfg = Debug|Any CPU
		{1C48E852-5C9D-46D6-AF32-71DE09A21E94}.Debug|Any CPU.Build.0 = Debug|Any CPU
		{1C48E852-5C9D-46D6-AF32-71DE09A21E94}.Release|Any CPU.ActiveCfg = Release|Any CPU
		{1C48E852-5C9D-46D6-AF32-71DE09A21E94}.Release|Any CPU.Build.0 = Release|Any CPU
	EndGlobalSection
	GlobalSection(SolutionProperties) = preSolution
		HideSolutionNode = FALSE
	EndGlobalSection
	GlobalSection(ExtensibilityGlobals) = postSolution
		SolutionGuid = {2506A686-B7EE-4EC9-80E4-53FAEEC85DBA}
	EndGlobalSection
EndGlobal
